
Microsoft Visual Studio Solution File, Format Version 12.00
# Visual Studio 2013
VisualStudioVersion = 12.0.40629.0
MinimumVisualStudioVersion = 10.0.40219.1
Project("{FAE04EC0-301F-11D3-BF4B-00C04F79EFBC}") = "装饰模式", "装饰模式\装饰模式.csproj", "{48932E18-52CD-4D5C-8246-C2F634A4EC97}"
EndProject
Project("{FAE04EC0-301F-11D3-BF4B-00C04F79EFBC}") = "代理模式", "代理模式\代理模式.csproj", "{2FE59D3B-61C6-489E-86DA-919A2277AF93}"
EndProject
Project("{FAE04EC0-301F-11D3-BF4B-00C04F79EFBC}") = "观察者模式", "观察者模式\观察者模式.csproj", "{904CC227-644D-4FD0-9FFF-FF4B9CC66436}"
EndProject
Project("{FAE04EC0-301F-11D3-BF4B-00C04F79EFBC}") = "单例模式", "单例模式\单例模式.csproj", "{9BFD1574-658B-45AD-8F6F-6F7BB6872518}"
EndProject
Project("{FAE04EC0-301F-11D3-BF4B-00C04F79EFBC}") = "桥接模式", "桥接模式\桥接模式.csproj", "{78014DC9-16CD-43A0-AAD4-AFA1DE592A9A}"
EndProject
Project("{FAE04EC0-301F-11D3-BF4B-00C04F79EFBC}") = "命令模式", "命令模式\命令模式.csproj", "{C8DE74CC-CAEE-4ADE-AEED-44E39B600A45}"
EndProject
Project("{F088123C-0E9E-452A-89E6-6BA2F21D5CAC}") = "UML", "UML\UML.modelproj", "{D4B46B39-7894-48BB-B488-8A5E66B0723B}"
EndProject
Project("{FAE04EC0-301F-11D3-BF4B-00C04F79EFBC}") = "组合模式", "组合模式\组合模式.csproj", "{20AAFB12-0FFE-4244-94BE-F93E9947D9DD}"
EndProject
Project("{FAE04EC0-301F-11D3-BF4B-00C04F79EFBC}") = "适配器模式", "适配器模式\适配器模式.csproj", "{C75BC0A6-FA45-456F-8F42-6BD1CCAC1674}"
EndProject
Project("{FAE04EC0-301F-11D3-BF4B-00C04F79EFBC}") = "模板模式", "模板模式\模板模式.csproj", "{88A40407-4858-430C-A623-0EB8C8BBEA33}"
EndProject
Project("{FAE04EC0-301F-11D3-BF4B-00C04F79EFBC}") = "外观模式", "外观模式\外观模式.csproj", "{36BABAB8-FB62-4ABB-A2F0-B27A0B57D022}"
EndProject
Project("{FAE04EC0-301F-11D3-BF4B-00C04F79EFBC}") = "备忘录模式", "备忘录模式\备忘录模式.csproj", "{6AD24EDE-1484-4C2C-9C4E-7F9248D217B9}"
EndProject
Project("{FAE04EC0-301F-11D3-BF4B-00C04F79EFBC}") = "状态模式", "状态模式\状态模式.csproj", "{A8FD8BE3-5AFD-4688-8638-E93D396117DE}"
EndProject
Project("{FAE04EC0-301F-11D3-BF4B-00C04F79EFBC}") = "建造者模式", "建造者模式\建造者模式.csproj", "{AE41617F-B1BC-44D0-9D5F-3F73F207BAC7}"
EndProject
Project("{FAE04EC0-301F-11D3-BF4B-00C04F79EFBC}") = "原型模式", "原型模式\原型模式.csproj", "{B1880405-C9CB-4DF6-8635-12A36898C284}"
EndProject
Project("{FAE04EC0-301F-11D3-BF4B-00C04F79EFBC}") = "职责链模式", "职责链模式\职责链模式.csproj", "{F9EF96B0-DBC3-4946-BE19-51BF7EFC34B5}"
EndProject
Project("{FAE04EC0-301F-11D3-BF4B-00C04F79EFBC}") = "中介者模式", "中介者模式\中介者模式.csproj", "{019F8BC7-A541-4FEF-82A6-FC8A22986579}"
EndProject
Project("{FAE04EC0-301F-11D3-BF4B-00C04F79EFBC}") = "享元模式", "享元模式\享元模式.csproj", "{A635D166-F6EB-4B71-A420-8BCC3C08079C}"
EndProject
Project("{FAE04EC0-301F-11D3-BF4B-00C04F79EFBC}") = "抽象工厂模式", "抽象工厂模式\抽象工厂模式.csproj", "{60218945-2CE5-47D4-838A-98CAA82E9BE6}"
EndProject
Project("{FAE04EC0-301F-11D3-BF4B-00C04F79EFBC}") = "策略模式", "策略模式\策略模式.csproj", "{A21F0051-F18B-404E-A74A-6FA55D83D26D}"
EndProject
Project("{FAE04EC0-301F-11D3-BF4B-00C04F79EFBC}") = "继承测试", "继承测试\继承测试.csproj", "{B8C7E2D2-23A4-4010-BE99-5A811855FB6A}"
EndProject
Project("{FAE04EC0-301F-11D3-BF4B-00C04F79EFBC}") = "拆装箱测试", "拆装箱测试\拆装箱测试.csproj", "{A79EE3FE-4D4E-4C46-BE85-E953B2DEEA15}"
EndProject
Project("{FAE04EC0-301F-11D3-BF4B-00C04F79EFBC}") = "html原型", "html原型\html原型.csproj", "{ADD3A4DA-3156-435F-9DE0-583441E43061}"
EndProject
Project("{FAE04EC0-301F-11D3-BF4B-00C04F79EFBC}") = "decimal转换测试", "decimal转换测试\decimal转换测试.csproj", "{76E4357C-94D7-4964-9ADF-19A22D6977DE}"
EndProject
Project("{FAE04EC0-301F-11D3-BF4B-00C04F79EFBC}") = "冒泡排序", "冒泡排序\冒泡排序.csproj", "{009EB360-1A5A-4665-9AE7-B4DFEE766541}"
EndProject
Project("{FAE04EC0-301F-11D3-BF4B-00C04F79EFBC}") = "多态", "多态\多态.csproj", "{28803358-AF5C-465B-9062-F165901A9B45}"
EndProject
Project("{FAE04EC0-301F-11D3-BF4B-00C04F79EFBC}") = "DES", "DES\DES.csproj", "{211577B4-2E54-49A8-8FDB-57E195E4C18B}"
EndProject
Project("{FAE04EC0-301F-11D3-BF4B-00C04F79EFBC}") = "ConvertHelper", "ConvertHelper\ConvertHelper.csproj", "{3BC7E331-CBBB-48A0-9A17-83448F8A2E8A}"
EndProject
Project("{FAE04EC0-301F-11D3-BF4B-00C04F79EFBC}") = "斐波那契数列", "斐波那契数列\斐波那契数列.csproj", "{C6ED38A9-E024-48C8-A17E-E51CB98BE74C}"
EndProject
Project("{FAE04EC0-301F-11D3-BF4B-00C04F79EFBC}") = "ObjectEquals", "ObjectEquals\ObjectEquals.csproj", "{77447044-82D2-4919-B70B-46D33C28BB9A}"
EndProject
Project("{FAE04EC0-301F-11D3-BF4B-00C04F79EFBC}") = "ExcelExport", "ExcelExport\ExcelExport.csproj", "{B26D5732-5115-4AA9-BF07-6CDB05091373}"
EndProject
Project("{FAE04EC0-301F-11D3-BF4B-00C04F79EFBC}") = "事件EventHandler", "事件EventHandler\事件EventHandler.csproj", "{E5AE3575-4C27-4135-BF1D-7688023081A4}"
EndProject
Project("{FAE04EC0-301F-11D3-BF4B-00C04F79EFBC}") = "泛型类继承", "泛型类继承\泛型类继承.csproj", "{F9462EFB-2F3E-4A49-A321-4CFD694C3C27}"
EndProject
Project("{FAE04EC0-301F-11D3-BF4B-00C04F79EFBC}") = "Enum", "Enum\Enum.csproj", "{5D4590CB-508F-485F-ACC5-CCD19F8A713A}"
EndProject
Project("{FAE04EC0-301F-11D3-BF4B-00C04F79EFBC}") = "委托", "委托\委托.csproj", "{BC3D90DE-3C9D-4D44-BB2F-59829E4034D9}"
EndProject
Project("{FAE04EC0-301F-11D3-BF4B-00C04F79EFBC}") = "数据结构", "数据结构\数据结构.csproj", "{4E16D865-9094-4860-A315-12F941360635}"
EndProject
Project("{FAE04EC0-301F-11D3-BF4B-00C04F79EFBC}") = "二叉树遍历", "二叉树遍历\二叉树遍历.csproj", "{5456AC12-8AAF-4A54-B7D3-045CD1E7107D}"
EndProject
Project("{F088123C-0E9E-452A-89E6-6BA2F21D5CAC}") = "ModelingProject2", "ModelingProject2\ModelingProject2.modelproj", "{A37A37E5-FCB9-4F0B-8A85-EC07294CA610}"
EndProject
Global
	GlobalSection(SolutionConfigurationPlatforms) = preSolution
		Debug|Any CPU = Debug|Any CPU
		Release|Any CPU = Release|Any CPU
	EndGlobalSection
	GlobalSection(ProjectConfigurationPlatforms) = postSolution
		{48932E18-52CD-4D5C-8246-C2F634A4EC97}.Debug|Any CPU.ActiveCfg = Debug|Any CPU
		{48932E18-52CD-4D5C-8246-C2F634A4EC97}.Debug|Any CPU.Build.0 = Debug|Any CPU
		{48932E18-52CD-4D5C-8246-C2F634A4EC97}.Release|Any CPU.ActiveCfg = Release|Any CPU
		{48932E18-52CD-4D5C-8246-C2F634A4EC97}.Release|Any CPU.Build.0 = Release|Any CPU
		{2FE59D3B-61C6-489E-86DA-919A2277AF93}.Debug|Any CPU.ActiveCfg = Debug|Any CPU
		{2FE59D3B-61C6-489E-86DA-919A2277AF93}.Debug|Any CPU.Build.0 = Debug|Any CPU
		{2FE59D3B-61C6-489E-86DA-919A2277AF93}.Release|Any CPU.ActiveCfg = Release|Any CPU
		{2FE59D3B-61C6-489E-86DA-919A2277AF93}.Release|Any CPU.Build.0 = Release|Any CPU
		{904CC227-644D-4FD0-9FFF-FF4B9CC66436}.Debug|Any CPU.ActiveCfg = Debug|Any CPU
		{904CC227-644D-4FD0-9FFF-FF4B9CC66436}.Debug|Any CPU.Build.0 = Debug|Any CPU
		{904CC227-644D-4FD0-9FFF-FF4B9CC66436}.Release|Any CPU.ActiveCfg = Release|Any CPU
		{904CC227-644D-4FD0-9FFF-FF4B9CC66436}.Release|Any CPU.Build.0 = Release|Any CPU
		{9BFD1574-658B-45AD-8F6F-6F7BB6872518}.Debug|Any CPU.ActiveCfg = Debug|Any CPU
		{9BFD1574-658B-45AD-8F6F-6F7BB6872518}.Debug|Any CPU.Build.0 = Debug|Any CPU
		{9BFD1574-658B-45AD-8F6F-6F7BB6872518}.Release|Any CPU.ActiveCfg = Release|Any CPU
		{9BFD1574-658B-45AD-8F6F-6F7BB6872518}.Release|Any CPU.Build.0 = Release|Any CPU
		{78014DC9-16CD-43A0-AAD4-AFA1DE592A9A}.Debug|Any CPU.ActiveCfg = Debug|Any CPU
		{78014DC9-16CD-43A0-AAD4-AFA1DE592A9A}.Debug|Any CPU.Build.0 = Debug|Any CPU
		{78014DC9-16CD-43A0-AAD4-AFA1DE592A9A}.Release|Any CPU.ActiveCfg = Release|Any CPU
		{78014DC9-16CD-43A0-AAD4-AFA1DE592A9A}.Release|Any CPU.Build.0 = Release|Any CPU
		{C8DE74CC-CAEE-4ADE-AEED-44E39B600A45}.Debug|Any CPU.ActiveCfg = Debug|Any CPU
		{C8DE74CC-CAEE-4ADE-AEED-44E39B600A45}.Debug|Any CPU.Build.0 = Debug|Any CPU
		{C8DE74CC-CAEE-4ADE-AEED-44E39B600A45}.Release|Any CPU.ActiveCfg = Release|Any CPU
		{C8DE74CC-CAEE-4ADE-AEED-44E39B600A45}.Release|Any CPU.Build.0 = Release|Any CPU
		{D4B46B39-7894-48BB-B488-8A5E66B0723B}.Debug|Any CPU.ActiveCfg = Debug|Any CPU
		{D4B46B39-7894-48BB-B488-8A5E66B0723B}.Debug|Any CPU.Build.0 = Debug|Any CPU
		{D4B46B39-7894-48BB-B488-8A5E66B0723B}.Release|Any CPU.ActiveCfg = Release|Any CPU
		{D4B46B39-7894-48BB-B488-8A5E66B0723B}.Release|Any CPU.Build.0 = Release|Any CPU
		{20AAFB12-0FFE-4244-94BE-F93E9947D9DD}.Debug|Any CPU.ActiveCfg = Debug|Any CPU
		{20AAFB12-0FFE-4244-94BE-F93E9947D9DD}.Debug|Any CPU.Build.0 = Debug|Any CPU
		{20AAFB12-0FFE-4244-94BE-F93E9947D9DD}.Release|Any CPU.ActiveCfg = Release|Any CPU
		{20AAFB12-0FFE-4244-94BE-F93E9947D9DD}.Release|Any CPU.Build.0 = Release|Any CPU
		{C75BC0A6-FA45-456F-8F42-6BD1CCAC1674}.Debug|Any CPU.ActiveCfg = Debug|Any CPU
		{C75BC0A6-FA45-456F-8F42-6BD1CCAC1674}.Debug|Any CPU.Build.0 = Debug|Any CPU
		{C75BC0A6-FA45-456F-8F42-6BD1CCAC1674}.Release|Any CPU.ActiveCfg = Release|Any CPU
		{C75BC0A6-FA45-456F-8F42-6BD1CCAC1674}.Release|Any CPU.Build.0 = Release|Any CPU
		{88A40407-4858-430C-A623-0EB8C8BBEA33}.Debug|Any CPU.ActiveCfg = Debug|Any CPU
		{88A40407-4858-430C-A623-0EB8C8BBEA33}.Debug|Any CPU.Build.0 = Debug|Any CPU
		{88A40407-4858-430C-A623-0EB8C8BBEA33}.Release|Any CPU.ActiveCfg = Release|Any CPU
		{88A40407-4858-430C-A623-0EB8C8BBEA33}.Release|Any CPU.Build.0 = Release|Any CPU
		{36BABAB8-FB62-4ABB-A2F0-B27A0B57D022}.Debug|Any CPU.ActiveCfg = Debug|Any CPU
		{36BABAB8-FB62-4ABB-A2F0-B27A0B57D022}.Debug|Any CPU.Build.0 = Debug|Any CPU
		{36BABAB8-FB62-4ABB-A2F0-B27A0B57D022}.Release|Any CPU.ActiveCfg = Release|Any CPU
		{36BABAB8-FB62-4ABB-A2F0-B27A0B57D022}.Release|Any CPU.Build.0 = Release|Any CPU
		{6AD24EDE-1484-4C2C-9C4E-7F9248D217B9}.Debug|Any CPU.ActiveCfg = Debug|Any CPU
		{6AD24EDE-1484-4C2C-9C4E-7F9248D217B9}.Debug|Any CPU.Build.0 = Debug|Any CPU
		{6AD24EDE-1484-4C2C-9C4E-7F9248D217B9}.Release|Any CPU.ActiveCfg = Release|Any CPU
		{6AD24EDE-1484-4C2C-9C4E-7F9248D217B9}.Release|Any CPU.Build.0 = Release|Any CPU
		{A8FD8BE3-5AFD-4688-8638-E93D396117DE}.Debug|Any CPU.ActiveCfg = Debug|Any CPU
		{A8FD8BE3-5AFD-4688-8638-E93D396117DE}.Debug|Any CPU.Build.0 = Debug|Any CPU
		{A8FD8BE3-5AFD-4688-8638-E93D396117DE}.Release|Any CPU.ActiveCfg = Release|Any CPU
		{A8FD8BE3-5AFD-4688-8638-E93D396117DE}.Release|Any CPU.Build.0 = Release|Any CPU
		{AE41617F-B1BC-44D0-9D5F-3F73F207BAC7}.Debug|Any CPU.ActiveCfg = Debug|Any CPU
		{AE41617F-B1BC-44D0-9D5F-3F73F207BAC7}.Debug|Any CPU.Build.0 = Debug|Any CPU
		{AE41617F-B1BC-44D0-9D5F-3F73F207BAC7}.Release|Any CPU.ActiveCfg = Release|Any CPU
		{AE41617F-B1BC-44D0-9D5F-3F73F207BAC7}.Release|Any CPU.Build.0 = Release|Any CPU
		{B1880405-C9CB-4DF6-8635-12A36898C284}.Debug|Any CPU.ActiveCfg = Debug|Any CPU
		{B1880405-C9CB-4DF6-8635-12A36898C284}.Debug|Any CPU.Build.0 = Debug|Any CPU
		{B1880405-C9CB-4DF6-8635-12A36898C284}.Release|Any CPU.ActiveCfg = Release|Any CPU
		{B1880405-C9CB-4DF6-8635-12A36898C284}.Release|Any CPU.Build.0 = Release|Any CPU
		{F9EF96B0-DBC3-4946-BE19-51BF7EFC34B5}.Debug|Any CPU.ActiveCfg = Debug|Any CPU
		{F9EF96B0-DBC3-4946-BE19-51BF7EFC34B5}.Debug|Any CPU.Build.0 = Debug|Any CPU
		{F9EF96B0-DBC3-4946-BE19-51BF7EFC34B5}.Release|Any CPU.ActiveCfg = Release|Any CPU
		{F9EF96B0-DBC3-4946-BE19-51BF7EFC34B5}.Release|Any CPU.Build.0 = Release|Any CPU
		{019F8BC7-A541-4FEF-82A6-FC8A22986579}.Debug|Any CPU.ActiveCfg = Debug|Any CPU
		{019F8BC7-A541-4FEF-82A6-FC8A22986579}.Debug|Any CPU.Build.0 = Debug|Any CPU
		{019F8BC7-A541-4FEF-82A6-FC8A22986579}.Release|Any CPU.ActiveCfg = Release|Any CPU
		{019F8BC7-A541-4FEF-82A6-FC8A22986579}.Release|Any CPU.Build.0 = Release|Any CPU
		{A635D166-F6EB-4B71-A420-8BCC3C08079C}.Debug|Any CPU.ActiveCfg = Debug|Any CPU
		{A635D166-F6EB-4B71-A420-8BCC3C08079C}.Debug|Any CPU.Build.0 = Debug|Any CPU
		{A635D166-F6EB-4B71-A420-8BCC3C08079C}.Release|Any CPU.ActiveCfg = Release|Any CPU
		{A635D166-F6EB-4B71-A420-8BCC3C08079C}.Release|Any CPU.Build.0 = Release|Any CPU
		{60218945-2CE5-47D4-838A-98CAA82E9BE6}.Debug|Any CPU.ActiveCfg = Debug|Any CPU
		{60218945-2CE5-47D4-838A-98CAA82E9BE6}.Debug|Any CPU.Build.0 = Debug|Any CPU
		{60218945-2CE5-47D4-838A-98CAA82E9BE6}.Release|Any CPU.ActiveCfg = Release|Any CPU
		{60218945-2CE5-47D4-838A-98CAA82E9BE6}.Release|Any CPU.Build.0 = Release|Any CPU
		{A21F0051-F18B-404E-A74A-6FA55D83D26D}.Debug|Any CPU.ActiveCfg = Debug|Any CPU
		{A21F0051-F18B-404E-A74A-6FA55D83D26D}.Debug|Any CPU.Build.0 = Debug|Any CPU
		{A21F0051-F18B-404E-A74A-6FA55D83D26D}.Release|Any CPU.ActiveCfg = Release|Any CPU
		{A21F0051-F18B-404E-A74A-6FA55D83D26D}.Release|Any CPU.Build.0 = Release|Any CPU
		{B8C7E2D2-23A4-4010-BE99-5A811855FB6A}.Debug|Any CPU.ActiveCfg = Debug|Any CPU
		{B8C7E2D2-23A4-4010-BE99-5A811855FB6A}.Debug|Any CPU.Build.0 = Debug|Any CPU
		{B8C7E2D2-23A4-4010-BE99-5A811855FB6A}.Release|Any CPU.ActiveCfg = Release|Any CPU
		{B8C7E2D2-23A4-4010-BE99-5A811855FB6A}.Release|Any CPU.Build.0 = Release|Any CPU
		{A79EE3FE-4D4E-4C46-BE85-E953B2DEEA15}.Debug|Any CPU.ActiveCfg = Debug|Any CPU
		{A79EE3FE-4D4E-4C46-BE85-E953B2DEEA15}.Debug|Any CPU.Build.0 = Debug|Any CPU
		{A79EE3FE-4D4E-4C46-BE85-E953B2DEEA15}.Release|Any CPU.ActiveCfg = Release|Any CPU
		{A79EE3FE-4D4E-4C46-BE85-E953B2DEEA15}.Release|Any CPU.Build.0 = Release|Any CPU
		{ADD3A4DA-3156-435F-9DE0-583441E43061}.Debug|Any CPU.ActiveCfg = Debug|Any CPU
		{ADD3A4DA-3156-435F-9DE0-583441E43061}.Debug|Any CPU.Build.0 = Debug|Any CPU
		{ADD3A4DA-3156-435F-9DE0-583441E43061}.Release|Any CPU.ActiveCfg = Release|Any CPU
		{ADD3A4DA-3156-435F-9DE0-583441E43061}.Release|Any CPU.Build.0 = Release|Any CPU
		{76E4357C-94D7-4964-9ADF-19A22D6977DE}.Debug|Any CPU.ActiveCfg = Debug|Any CPU
		{76E4357C-94D7-4964-9ADF-19A22D6977DE}.Debug|Any CPU.Build.0 = Debug|Any CPU
		{76E4357C-94D7-4964-9ADF-19A22D6977DE}.Release|Any CPU.ActiveCfg = Release|Any CPU
		{76E4357C-94D7-4964-9ADF-19A22D6977DE}.Release|Any CPU.Build.0 = Release|Any CPU
		{009EB360-1A5A-4665-9AE7-B4DFEE766541}.Debug|Any CPU.ActiveCfg = Debug|Any CPU
		{009EB360-1A5A-4665-9AE7-B4DFEE766541}.Debug|Any CPU.Build.0 = Debug|Any CPU
		{009EB360-1A5A-4665-9AE7-B4DFEE766541}.Release|Any CPU.ActiveCfg = Release|Any CPU
		{009EB360-1A5A-4665-9AE7-B4DFEE766541}.Release|Any CPU.Build.0 = Release|Any CPU
		{28803358-AF5C-465B-9062-F165901A9B45}.Debug|Any CPU.ActiveCfg = Debug|Any CPU
		{28803358-AF5C-465B-9062-F165901A9B45}.Debug|Any CPU.Build.0 = Debug|Any CPU
		{28803358-AF5C-465B-9062-F165901A9B45}.Release|Any CPU.ActiveCfg = Release|Any CPU
		{28803358-AF5C-465B-9062-F165901A9B45}.Release|Any CPU.Build.0 = Release|Any CPU
		{211577B4-2E54-49A8-8FDB-57E195E4C18B}.Debug|Any CPU.ActiveCfg = Debug|Any CPU
		{211577B4-2E54-49A8-8FDB-57E195E4C18B}.Debug|Any CPU.Build.0 = Debug|Any CPU
		{211577B4-2E54-49A8-8FDB-57E195E4C18B}.Release|Any CPU.ActiveCfg = Release|Any CPU
		{211577B4-2E54-49A8-8FDB-57E195E4C18B}.Release|Any CPU.Build.0 = Release|Any CPU
		{3BC7E331-CBBB-48A0-9A17-83448F8A2E8A}.Debug|Any CPU.ActiveCfg = Debug|Any CPU
		{3BC7E331-CBBB-48A0-9A17-83448F8A2E8A}.Debug|Any CPU.Build.0 = Debug|Any CPU
		{3BC7E331-CBBB-48A0-9A17-83448F8A2E8A}.Release|Any CPU.ActiveCfg = Release|Any CPU
		{3BC7E331-CBBB-48A0-9A17-83448F8A2E8A}.Release|Any CPU.Build.0 = Release|Any CPU
		{C6ED38A9-E024-48C8-A17E-E51CB98BE74C}.Debug|Any CPU.ActiveCfg = Debug|Any CPU
		{C6ED38A9-E024-48C8-A17E-E51CB98BE74C}.Debug|Any CPU.Build.0 = Debug|Any CPU
		{C6ED38A9-E024-48C8-A17E-E51CB98BE74C}.Release|Any CPU.ActiveCfg = Release|Any CPU
		{C6ED38A9-E024-48C8-A17E-E51CB98BE74C}.Release|Any CPU.Build.0 = Release|Any CPU
		{77447044-82D2-4919-B70B-46D33C28BB9A}.Debug|Any CPU.ActiveCfg = Debug|Any CPU
		{77447044-82D2-4919-B70B-46D33C28BB9A}.Debug|Any CPU.Build.0 = Debug|Any CPU
		{77447044-82D2-4919-B70B-46D33C28BB9A}.Release|Any CPU.ActiveCfg = Release|Any CPU
		{77447044-82D2-4919-B70B-46D33C28BB9A}.Release|Any CPU.Build.0 = Release|Any CPU
		{B26D5732-5115-4AA9-BF07-6CDB05091373}.Debug|Any CPU.ActiveCfg = Debug|Any CPU
		{B26D5732-5115-4AA9-BF07-6CDB05091373}.Debug|Any CPU.Build.0 = Debug|Any CPU
		{B26D5732-5115-4AA9-BF07-6CDB05091373}.Release|Any CPU.ActiveCfg = Release|Any CPU
		{B26D5732-5115-4AA9-BF07-6CDB05091373}.Release|Any CPU.Build.0 = Release|Any CPU
		{E5AE3575-4C27-4135-BF1D-7688023081A4}.Debug|Any CPU.ActiveCfg = Debug|Any CPU
		{E5AE3575-4C27-4135-BF1D-7688023081A4}.Debug|Any CPU.Build.0 = Debug|Any CPU
		{E5AE3575-4C27-4135-BF1D-7688023081A4}.Release|Any CPU.ActiveCfg = Release|Any CPU
		{E5AE3575-4C27-4135-BF1D-7688023081A4}.Release|Any CPU.Build.0 = Release|Any CPU
		{F9462EFB-2F3E-4A49-A321-4CFD694C3C27}.Debug|Any CPU.ActiveCfg = Debug|Any CPU
		{F9462EFB-2F3E-4A49-A321-4CFD694C3C27}.Debug|Any CPU.Build.0 = Debug|Any CPU
		{F9462EFB-2F3E-4A49-A321-4CFD694C3C27}.Release|Any CPU.ActiveCfg = Release|Any CPU
		{F9462EFB-2F3E-4A49-A321-4CFD694C3C27}.Release|Any CPU.Build.0 = Release|Any CPU
		{5D4590CB-508F-485F-ACC5-CCD19F8A713A}.Debug|Any CPU.ActiveCfg = Debug|Any CPU
		{5D4590CB-508F-485F-ACC5-CCD19F8A713A}.Debug|Any CPU.Build.0 = Debug|Any CPU
		{5D4590CB-508F-485F-ACC5-CCD19F8A713A}.Release|Any CPU.ActiveCfg = Release|Any CPU
		{5D4590CB-508F-485F-ACC5-CCD19F8A713A}.Release|Any CPU.Build.0 = Release|Any CPU
		{BC3D90DE-3C9D-4D44-BB2F-59829E4034D9}.Debug|Any CPU.ActiveCfg = Debug|Any CPU
		{BC3D90DE-3C9D-4D44-BB2F-59829E4034D9}.Debug|Any CPU.Build.0 = Debug|Any CPU
		{BC3D90DE-3C9D-4D44-BB2F-59829E4034D9}.Release|Any CPU.ActiveCfg = Release|Any CPU
		{BC3D90DE-3C9D-4D44-BB2F-59829E4034D9}.Release|Any CPU.Build.0 = Release|Any CPU
		{4E16D865-9094-4860-A315-12F941360635}.Debug|Any CPU.ActiveCfg = Debug|Any CPU
		{4E16D865-9094-4860-A315-12F941360635}.Debug|Any CPU.Build.0 = Debug|Any CPU
		{4E16D865-9094-4860-A315-12F941360635}.Release|Any CPU.ActiveCfg = Release|Any CPU
		{4E16D865-9094-4860-A315-12F941360635}.Release|Any CPU.Build.0 = Release|Any CPU
		{5456AC12-8AAF-4A54-B7D3-045CD1E7107D}.Debug|Any CPU.ActiveCfg = Debug|Any CPU
		{5456AC12-8AAF-4A54-B7D3-045CD1E7107D}.Debug|Any CPU.Build.0 = Debug|Any CPU
		{5456AC12-8AAF-4A54-B7D3-045CD1E7107D}.Release|Any CPU.ActiveCfg = Release|Any CPU
		{5456AC12-8AAF-4A54-B7D3-045CD1E7107D}.Release|Any CPU.Build.0 = Release|Any CPU
		{A37A37E5-FCB9-4F0B-8A85-EC07294CA610}.Debug|Any CPU.ActiveCfg = Debug|Any CPU
		{A37A37E5-FCB9-4F0B-8A85-EC07294CA610}.Debug|Any CPU.Build.0 = Debug|Any CPU
		{A37A37E5-FCB9-4F0B-8A85-EC07294CA610}.Release|Any CPU.ActiveCfg = Release|Any CPU
		{A37A37E5-FCB9-4F0B-8A85-EC07294CA610}.Release|Any CPU.Build.0 = Release|Any CPU
	EndGlobalSection
	GlobalSection(SolutionProperties) = preSolution
		HideSolutionNode = FALSE
	EndGlobalSection
EndGlobal
